// !$*UTF8*$!
{
	archiveVersion = 1;
	classes = {
	};
	objectVersion = 56;
	objects = {

/* Begin PBXBuildFile section */
		C6983C6E2B7DD4BB00EAC750 /* ToDoListApp.swift in Sources */ = {isa = PBXBuildFile; fileRef = C6983C6D2B7DD4BB00EAC750 /* ToDoListApp.swift */; };
		C6983C702B7DD4BB00EAC750 /* ContentView.swift in Sources */ = {isa = PBXBuildFile; fileRef = C6983C6F2B7DD4BB00EAC750 /* ContentView.swift */; };
		C6983C722B7DD4BD00EAC750 /* Assets.xcassets in Resources */ = {isa = PBXBuildFile; fileRef = C6983C712B7DD4BD00EAC750 /* Assets.xcassets */; };
		C6983C752B7DD4BD00EAC750 /* Preview Assets.xcassets in Resources */ = {isa = PBXBuildFile; fileRef = C6983C742B7DD4BD00EAC750 /* Preview Assets.xcassets */; };
		C6986D122B7E65160067041B /* FirebaseAnalytics in Frameworks */ = {isa = PBXBuildFile; productRef = C6986D112B7E65160067041B /* FirebaseAnalytics */; };
		C6986D142B7E65160067041B /* FirebaseAnalyticsOnDeviceConversion in Frameworks */ = {isa = PBXBuildFile; productRef = C6986D132B7E65160067041B /* FirebaseAnalyticsOnDeviceConversion */; };
		C6986D162B7E65160067041B /* FirebaseAnalyticsSwift in Frameworks */ = {isa = PBXBuildFile; productRef = C6986D152B7E65160067041B /* FirebaseAnalyticsSwift */; };
		C6986D182B7E65160067041B /* FirebaseAnalyticsWithoutAdIdSupport in Frameworks */ = {isa = PBXBuildFile; productRef = C6986D172B7E65160067041B /* FirebaseAnalyticsWithoutAdIdSupport */; };
		C6986D1A2B7E65160067041B /* FirebaseAppCheck in Frameworks */ = {isa = PBXBuildFile; productRef = C6986D192B7E65160067041B /* FirebaseAppCheck */; };
		C6986D1C2B7E65160067041B /* FirebaseAppDistribution-Beta in Frameworks */ = {isa = PBXBuildFile; productRef = C6986D1B2B7E65160067041B /* FirebaseAppDistribution-Beta */; };
		C6986D1E2B7E65160067041B /* FirebaseAuth in Frameworks */ = {isa = PBXBuildFile; productRef = C6986D1D2B7E65160067041B /* FirebaseAuth */; };
		C6986D202B7E65160067041B /* FirebaseAuthCombine-Community in Frameworks */ = {isa = PBXBuildFile; productRef = C6986D1F2B7E65160067041B /* FirebaseAuthCombine-Community */; };
		C6986D222B7E65160067041B /* FirebaseCrashlytics in Frameworks */ = {isa = PBXBuildFile; productRef = C6986D212B7E65160067041B /* FirebaseCrashlytics */; };
		C6986D242B7E65160067041B /* FirebaseDatabase in Frameworks */ = {isa = PBXBuildFile; productRef = C6986D232B7E65160067041B /* FirebaseDatabase */; };
		C6986D262B7E65160067041B /* FirebaseDatabaseSwift in Frameworks */ = {isa = PBXBuildFile; productRef = C6986D252B7E65160067041B /* FirebaseDatabaseSwift */; };
		C6986D282B7E65160067041B /* FirebaseDynamicLinks in Frameworks */ = {isa = PBXBuildFile; productRef = C6986D272B7E65160067041B /* FirebaseDynamicLinks */; };
		C6986D2A2B7E65160067041B /* FirebaseFirestore in Frameworks */ = {isa = PBXBuildFile; productRef = C6986D292B7E65160067041B /* FirebaseFirestore */; };
		C6986D2C2B7E65160067041B /* FirebaseFirestoreCombine-Community in Frameworks */ = {isa = PBXBuildFile; productRef = C6986D2B2B7E65160067041B /* FirebaseFirestoreCombine-Community */; };
		C6986D2E2B7E65160067041B /* FirebaseFirestoreSwift in Frameworks */ = {isa = PBXBuildFile; productRef = C6986D2D2B7E65160067041B /* FirebaseFirestoreSwift */; };
		C6986D302B7E65160067041B /* FirebaseFunctions in Frameworks */ = {isa = PBXBuildFile; productRef = C6986D2F2B7E65160067041B /* FirebaseFunctions */; };
		C6986D322B7E65160067041B /* FirebaseFunctionsCombine-Community in Frameworks */ = {isa = PBXBuildFile; productRef = C6986D312B7E65160067041B /* FirebaseFunctionsCombine-Community */; };
		C6986D342B7E65160067041B /* FirebaseInAppMessaging-Beta in Frameworks */ = {isa = PBXBuildFile; productRef = C6986D332B7E65160067041B /* FirebaseInAppMessaging-Beta */; };
		C6986D362B7E65160067041B /* FirebaseInAppMessagingSwift-Beta in Frameworks */ = {isa = PBXBuildFile; productRef = C6986D352B7E65160067041B /* FirebaseInAppMessagingSwift-Beta */; };
		C6986D382B7E65160067041B /* FirebaseInstallations in Frameworks */ = {isa = PBXBuildFile; productRef = C6986D372B7E65160067041B /* FirebaseInstallations */; };
		C6986D3A2B7E65160067041B /* FirebaseMLModelDownloader in Frameworks */ = {isa = PBXBuildFile; productRef = C6986D392B7E65160067041B /* FirebaseMLModelDownloader */; };
		C6986D3C2B7E65160067041B /* FirebaseMessaging in Frameworks */ = {isa = PBXBuildFile; productRef = C6986D3B2B7E65160067041B /* FirebaseMessaging */; };
		C6986D3E2B7E65160067041B /* FirebasePerformance in Frameworks */ = {isa = PBXBuildFile; productRef = C6986D3D2B7E65160067041B /* FirebasePerformance */; };
		C6986D402B7E65160067041B /* FirebaseRemoteConfig in Frameworks */ = {isa = PBXBuildFile; productRef = C6986D3F2B7E65160067041B /* FirebaseRemoteConfig */; };
		C6986D422B7E65160067041B /* FirebaseRemoteConfigSwift in Frameworks */ = {isa = PBXBuildFile; productRef = C6986D412B7E65160067041B /* FirebaseRemoteConfigSwift */; };
		C6986D442B7E65160067041B /* FirebaseStorage in Frameworks */ = {isa = PBXBuildFile; productRef = C6986D432B7E65160067041B /* FirebaseStorage */; };
		C6986D462B7E65160067041B /* FirebaseStorageCombine-Community in Frameworks */ = {isa = PBXBuildFile; productRef = C6986D452B7E65160067041B /* FirebaseStorageCombine-Community */; };
		C6986D482B7E65820067041B /* FirebaseAnalytics in Frameworks */ = {isa = PBXBuildFile; productRef = C6986D472B7E65820067041B /* FirebaseAnalytics */; };
		C6986D4A2B7E65820067041B /* FirebaseAnalyticsOnDeviceConversion in Frameworks */ = {isa = PBXBuildFile; productRef = C6986D492B7E65820067041B /* FirebaseAnalyticsOnDeviceConversion */; };
		C6986D4C2B7E65820067041B /* FirebaseAnalyticsSwift in Frameworks */ = {isa = PBXBuildFile; productRef = C6986D4B2B7E65820067041B /* FirebaseAnalyticsSwift */; };
		C6986D4E2B7E65820067041B /* FirebaseAnalyticsWithoutAdIdSupport in Frameworks */ = {isa = PBXBuildFile; productRef = C6986D4D2B7E65820067041B /* FirebaseAnalyticsWithoutAdIdSupport */; };
		C6986D502B7E65820067041B /* FirebaseAppCheck in Frameworks */ = {isa = PBXBuildFile; productRef = C6986D4F2B7E65820067041B /* FirebaseAppCheck */; };
		C6986D522B7E65820067041B /* FirebaseAppDistribution-Beta in Frameworks */ = {isa = PBXBuildFile; productRef = C6986D512B7E65820067041B /* FirebaseAppDistribution-Beta */; };
		C6986D542B7E65820067041B /* FirebaseAuth in Frameworks */ = {isa = PBXBuildFile; productRef = C6986D532B7E65820067041B /* FirebaseAuth */; };
		C6986D562B7E65820067041B /* FirebaseAuthCombine-Community in Frameworks */ = {isa = PBXBuildFile; productRef = C6986D552B7E65820067041B /* FirebaseAuthCombine-Community */; };
		C6986D582B7E65820067041B /* FirebaseCrashlytics in Frameworks */ = {isa = PBXBuildFile; productRef = C6986D572B7E65820067041B /* FirebaseCrashlytics */; };
		C6986D5A2B7E7C130067041B /* GoogleService-Info.plist in Resources */ = {isa = PBXBuildFile; fileRef = C6986D592B7E7C130067041B /* GoogleService-Info.plist */; };
/* End PBXBuildFile section */

/* Begin PBXFileReference section */
		C6983C6A2B7DD4BB00EAC750 /* ToDoList.app */ = {isa = PBXFileReference; explicitFileType = wrapper.application; includeInIndex = 0; path = ToDoList.app; sourceTree = BUILT_PRODUCTS_DIR; };
		C6983C6D2B7DD4BB00EAC750 /* ToDoListApp.swift */ = {isa = PBXFileReference; lastKnownFileType = sourcecode.swift; path = ToDoListApp.swift; sourceTree = "<group>"; };
		C6983C6F2B7DD4BB00EAC750 /* ContentView.swift */ = {isa = PBXFileReference; lastKnownFileType = sourcecode.swift; path = ContentView.swift; sourceTree = "<group>"; };
		C6983C712B7DD4BD00EAC750 /* Assets.xcassets */ = {isa = PBXFileReference; lastKnownFileType = folder.assetcatalog; path = Assets.xcassets; sourceTree = "<group>"; };
		C6983C742B7DD4BD00EAC750 /* Preview Assets.xcassets */ = {isa = PBXFileReference; lastKnownFileType = folder.assetcatalog; path = "Preview Assets.xcassets"; sourceTree = "<group>"; };
		C6986D592B7E7C130067041B /* GoogleService-Info.plist */ = {isa = PBXFileReference; fileEncoding = 4; lastKnownFileType = text.plist.xml; path = "GoogleService-Info.plist"; sourceTree = "<group>"; };
/* End PBXFileReference section */

/* Begin PBXFrameworksBuildPhase section */
		C6983C672B7DD4BB00EAC750 /* Frameworks */ = {
			isa = PBXFrameworksBuildPhase;
			buildActionMask = 2147483647;
			files = (
				C6986D242B7E65160067041B /* FirebaseDatabase in Frameworks */,
				C6986D322B7E65160067041B /* FirebaseFunctionsCombine-Community in Frameworks */,
				C6986D2A2B7E65160067041B /* FirebaseFirestore in Frameworks */,
				C6986D162B7E65160067041B /* FirebaseAnalyticsSwift in Frameworks */,
				C6986D122B7E65160067041B /* FirebaseAnalytics in Frameworks */,
				C6986D142B7E65160067041B /* FirebaseAnalyticsOnDeviceConversion in Frameworks */,
				C6986D3A2B7E65160067041B /* FirebaseMLModelDownloader in Frameworks */,
				C6986D2E2B7E65160067041B /* FirebaseFirestoreSwift in Frameworks */,
				C6986D1A2B7E65160067041B /* FirebaseAppCheck in Frameworks */,
				C6986D182B7E65160067041B /* FirebaseAnalyticsWithoutAdIdSupport in Frameworks */,
				C6986D1E2B7E65160067041B /* FirebaseAuth in Frameworks */,
				C6986D222B7E65160067041B /* FirebaseCrashlytics in Frameworks */,
				C6986D422B7E65160067041B /* FirebaseRemoteConfigSwift in Frameworks */,
				C6986D4A2B7E65820067041B /* FirebaseAnalyticsOnDeviceConversion in Frameworks */,
				C6986D342B7E65160067041B /* FirebaseInAppMessaging-Beta in Frameworks */,
				C6986D482B7E65820067041B /* FirebaseAnalytics in Frameworks */,
				C6986D502B7E65820067041B /* FirebaseAppCheck in Frameworks */,
				C6986D4E2B7E65820067041B /* FirebaseAnalyticsWithoutAdIdSupport in Frameworks */,
				C6986D262B7E65160067041B /* FirebaseDatabaseSwift in Frameworks */,
				C6986D562B7E65820067041B /* FirebaseAuthCombine-Community in Frameworks */,
				C6986D542B7E65820067041B /* FirebaseAuth in Frameworks */,
				C6986D302B7E65160067041B /* FirebaseFunctions in Frameworks */,
				C6986D522B7E65820067041B /* FirebaseAppDistribution-Beta in Frameworks */,
				C6986D462B7E65160067041B /* FirebaseStorageCombine-Community in Frameworks */,
				C6986D402B7E65160067041B /* FirebaseRemoteConfig in Frameworks */,
				C6986D1C2B7E65160067041B /* FirebaseAppDistribution-Beta in Frameworks */,
				C6986D202B7E65160067041B /* FirebaseAuthCombine-Community in Frameworks */,
				C6986D3E2B7E65160067041B /* FirebasePerformance in Frameworks */,
				C6986D362B7E65160067041B /* FirebaseInAppMessagingSwift-Beta in Frameworks */,
				C6986D4C2B7E65820067041B /* FirebaseAnalyticsSwift in Frameworks */,
				C6986D442B7E65160067041B /* FirebaseStorage in Frameworks */,
				C6986D282B7E65160067041B /* FirebaseDynamicLinks in Frameworks */,
				C6986D2C2B7E65160067041B /* FirebaseFirestoreCombine-Community in Frameworks */,
				C6986D582B7E65820067041B /* FirebaseCrashlytics in Frameworks */,
				C6986D3C2B7E65160067041B /* FirebaseMessaging in Frameworks */,
				C6986D382B7E65160067041B /* FirebaseInstallations in Frameworks */,
			);
			runOnlyForDeploymentPostprocessing = 0;
		};
/* End PBXFrameworksBuildPhase section */

/* Begin PBXGroup section */
		C6983C612B7DD4BB00EAC750 = {
			isa = PBXGroup;
			children = (
				C6983C6C2B7DD4BB00EAC750 /* ToDoList */,
				C6983C6B2B7DD4BB00EAC750 /* Products */,
			);
			sourceTree = "<group>";
		};
		C6983C6B2B7DD4BB00EAC750 /* Products */ = {
			isa = PBXGroup;
			children = (
				C6983C6A2B7DD4BB00EAC750 /* ToDoList.app */,
			);
			name = Products;
			sourceTree = "<group>";
		};
		C6983C6C2B7DD4BB00EAC750 /* ToDoList */ = {
			isa = PBXGroup;
			children = (
				C6986D5E2B7ECC640067041B /* Other */,
				C6986D5D2B7ECC470067041B /* Models */,
				C6986D5C2B7ECC150067041B /* ViewModels */,
				C6986D5B2B7ECBF70067041B /* Views */,
				C6983C732B7DD4BD00EAC750 /* Preview Content */,
			);
			path = ToDoList;
			sourceTree = "<group>";
		};
		C6983C732B7DD4BD00EAC750 /* Preview Content */ = {
			isa = PBXGroup;
			children = (
				C6983C742B7DD4BD00EAC750 /* Preview Assets.xcassets */,
			);
			path = "Preview Content";
			sourceTree = "<group>";
		};
		C6986D5B2B7ECBF70067041B /* Views */ = {
			isa = PBXGroup;
			children = (
				C6983C6F2B7DD4BB00EAC750 /* ContentView.swift */,
			);
			path = Views;
			sourceTree = "<group>";
		};
		C6986D5C2B7ECC150067041B /* ViewModels */ = {
			isa = PBXGroup;
			children = (
			);
			path = ViewModels;
			sourceTree = "<group>";
		};
		C6986D5D2B7ECC470067041B /* Models */ = {
			isa = PBXGroup;
			children = (
			);
			path = Models;
			sourceTree = "<group>";
		};
		C6986D5E2B7ECC640067041B /* Other */ = {
			isa = PBXGroup;
			children = (
				C6983C712B7DD4BD00EAC750 /* Assets.xcassets */,
				C6986D592B7E7C130067041B /* GoogleService-Info.plist */,
				C6983C6D2B7DD4BB00EAC750 /* ToDoListApp.swift */,
			);
			path = Other;
			sourceTree = "<group>";
		};
/* End PBXGroup section */

/* Begin PBXNativeTarget section */
		C6983C692B7DD4BB00EAC750 /* ToDoList */ = {
			isa = PBXNativeTarget;
			buildConfigurationList = C6983C782B7DD4BD00EAC750 /* Build configuration list for PBXNativeTarget "ToDoList" */;
			buildPhases = (
				C6983C662B7DD4BB00EAC750 /* Sources */,
				C6983C672B7DD4BB00EAC750 /* Frameworks */,
				C6983C682B7DD4BB00EAC750 /* Resources */,
			);
			buildRules = (
			);
			dependencies = (
			);
			name = ToDoList;
			packageProductDependencies = (
				C6986D112B7E65160067041B /* FirebaseAnalytics */,
				C6986D132B7E65160067041B /* FirebaseAnalyticsOnDeviceConversion */,
				C6986D152B7E65160067041B /* FirebaseAnalyticsSwift */,
				C6986D172B7E65160067041B /* FirebaseAnalyticsWithoutAdIdSupport */,
				C6986D192B7E65160067041B /* FirebaseAppCheck */,
				C6986D1B2B7E65160067041B /* FirebaseAppDistribution-Beta */,
				C6986D1D2B7E65160067041B /* FirebaseAuth */,
				C6986D1F2B7E65160067041B /* FirebaseAuthCombine-Community */,
				C6986D212B7E65160067041B /* FirebaseCrashlytics */,
				C6986D232B7E65160067041B /* FirebaseDatabase */,
				C6986D252B7E65160067041B /* FirebaseDatabaseSwift */,
				C6986D272B7E65160067041B /* FirebaseDynamicLinks */,
				C6986D292B7E65160067041B /* FirebaseFirestore */,
				C6986D2B2B7E65160067041B /* FirebaseFirestoreCombine-Community */,
				C6986D2D2B7E65160067041B /* FirebaseFirestoreSwift */,
				C6986D2F2B7E65160067041B /* FirebaseFunctions */,
				C6986D312B7E65160067041B /* FirebaseFunctionsCombine-Community */,
				C6986D332B7E65160067041B /* FirebaseInAppMessaging-Beta */,
				C6986D352B7E65160067041B /* FirebaseInAppMessagingSwift-Beta */,
				C6986D372B7E65160067041B /* FirebaseInstallations */,
				C6986D392B7E65160067041B /* FirebaseMLModelDownloader */,
				C6986D3B2B7E65160067041B /* FirebaseMessaging */,
				C6986D3D2B7E65160067041B /* FirebasePerformance */,
				C6986D3F2B7E65160067041B /* FirebaseRemoteConfig */,
				C6986D412B7E65160067041B /* FirebaseRemoteConfigSwift */,
				C6986D432B7E65160067041B /* FirebaseStorage */,
				C6986D452B7E65160067041B /* FirebaseStorageCombine-Community */,
				C6986D472B7E65820067041B /* FirebaseAnalytics */,
				C6986D492B7E65820067041B /* FirebaseAnalyticsOnDeviceConversion */,
				C6986D4B2B7E65820067041B /* FirebaseAnalyticsSwift */,
				C6986D4D2B7E65820067041B /* FirebaseAnalyticsWithoutAdIdSupport */,
				C6986D4F2B7E65820067041B /* FirebaseAppCheck */,
				C6986D512B7E65820067041B /* FirebaseAppDistribution-Beta */,
				C6986D532B7E65820067041B /* FirebaseAuth */,
				C6986D552B7E65820067041B /* FirebaseAuthCombine-Community */,
				C6986D572B7E65820067041B /* FirebaseCrashlytics */,
			);
			productName = ToDoList;
			productReference = C6983C6A2B7DD4BB00EAC750 /* ToDoList.app */;
			productType = "com.apple.product-type.application";
		};
/* End PBXNativeTarget section */

/* Begin PBXProject section */
		C6983C622B7DD4BB00EAC750 /* Project object */ = {
			isa = PBXProject;
			attributes = {
				BuildIndependentTargetsInParallel = 1;
				LastSwiftUpdateCheck = 1520;
				LastUpgradeCheck = 1520;
				TargetAttributes = {
					C6983C692B7DD4BB00EAC750 = {
						CreatedOnToolsVersion = 15.2;
					};
				};
			};
			buildConfigurationList = C6983C652B7DD4BB00EAC750 /* Build configuration list for PBXProject "ToDoList" */;
			compatibilityVersion = "Xcode 14.0";
			developmentRegion = en;
			hasScannedForEncodings = 0;
			knownRegions = (
				en,
				Base,
			);
			mainGroup = C6983C612B7DD4BB00EAC750;
			packageReferences = (
				C6986D102B7E65150067041B /* XCRemoteSwiftPackageReference "firebase-ios-sdk" */,
			);
			productRefGroup = C6983C6B2B7DD4BB00EAC750 /* Products */;
			projectDirPath = "";
			projectRoot = "";
			targets = (
				C6983C692B7DD4BB00EAC750 /* ToDoList */,
			);
		};
/* End PBXProject section */

/* Begin PBXResourcesBuildPhase section */
		C6983C682B7DD4BB00EAC750 /* Resources */ = {
			isa = PBXResourcesBuildPhase;
			buildActionMask = 2147483647;
			files = (
				C6983C752B7DD4BD00EAC750 /* Preview Assets.xcassets in Resources */,
				C6983C722B7DD4BD00EAC750 /* Assets.xcassets in Resources */,
				C6986D5A2B7E7C130067041B /* GoogleService-Info.plist in Resources */,
			);
			runOnlyForDeploymentPostprocessing = 0;
		};
/* End PBXResourcesBuildPhase section */

/* Begin PBXSourcesBuildPhase section */
		C6983C662B7DD4BB00EAC750 /* Sources */ = {
			isa = PBXSourcesBuildPhase;
			buildActionMask = 2147483647;
			files = (
				C6983C702B7DD4BB00EAC750 /* ContentView.swift in Sources */,
				C6983C6E2B7DD4BB00EAC750 /* ToDoListApp.swift in Sources */,
			);
			runOnlyForDeploymentPostprocessing = 0;
		};
/* End PBXSourcesBuildPhase section */

/* Begin XCBuildConfiguration section */
		C6983C762B7DD4BD00EAC750 /* Debug */ = {
			isa = XCBuildConfiguration;
			buildSettings = {
				ALWAYS_SEARCH_USER_PATHS = NO;
				ASSETCATALOG_COMPILER_GENERATE_SWIFT_ASSET_SYMBOL_EXTENSIONS = YES;
				CLANG_ANALYZER_NONNULL = YES;
				CLANG_ANALYZER_NUMBER_OBJECT_CONVERSION = YES_AGGRESSIVE;
				CLANG_CXX_LANGUAGE_STANDARD = "gnu++20";
				CLANG_ENABLE_MODULES = YES;
				CLANG_ENABLE_OBJC_ARC = YES;
				CLANG_ENABLE_OBJC_WEAK = YES;
				CLANG_WARN_BLOCK_CAPTURE_AUTORELEASING = YES;
				CLANG_WARN_BOOL_CONVERSION = YES;
				CLANG_WARN_COMMA = YES;
				CLANG_WARN_CONSTANT_CONVERSION = YES;
				CLANG_WARN_DEPRECATED_OBJC_IMPLEMENTATIONS = YES;
				CLANG_WARN_DIRECT_OBJC_ISA_USAGE = YES_ERROR;
				CLANG_WARN_DOCUMENTATION_COMMENTS = YES;
				CLANG_WARN_EMPTY_BODY = YES;
				CLANG_WARN_ENUM_CONVERSION = YES;
				CLANG_WARN_INFINITE_RECURSION = YES;
				CLANG_WARN_INT_CONVERSION = YES;
				CLANG_WARN_NON_LITERAL_NULL_CONVERSION = YES;
				CLANG_WARN_OBJC_IMPLICIT_RETAIN_SELF = YES;
				CLANG_WARN_OBJC_LITERAL_CONVERSION = YES;
				CLANG_WARN_OBJC_ROOT_CLASS = YES_ERROR;
				CLANG_WARN_QUOTED_INCLUDE_IN_FRAMEWORK_HEADER = YES;
				CLANG_WARN_RANGE_LOOP_ANALYSIS = YES;
				CLANG_WARN_STRICT_PROTOTYPES = YES;
				CLANG_WARN_SUSPICIOUS_MOVE = YES;
				CLANG_WARN_UNGUARDED_AVAILABILITY = YES_AGGRESSIVE;
				CLANG_WARN_UNREACHABLE_CODE = YES;
				CLANG_WARN__DUPLICATE_METHOD_MATCH = YES;
				COPY_PHASE_STRIP = NO;
				DEBUG_INFORMATION_FORMAT = dwarf;
				ENABLE_STRICT_OBJC_MSGSEND = YES;
				ENABLE_TESTABILITY = YES;
				ENABLE_USER_SCRIPT_SANDBOXING = YES;
				GCC_C_LANGUAGE_STANDARD = gnu17;
				GCC_DYNAMIC_NO_PIC = NO;
				GCC_NO_COMMON_BLOCKS = YES;
				GCC_OPTIMIZATION_LEVEL = 0;
				GCC_PREPROCESSOR_DEFINITIONS = (
					"DEBUG=1",
					"$(inherited)",
				);
				GCC_WARN_64_TO_32_BIT_CONVERSION = YES;
				GCC_WARN_ABOUT_RETURN_TYPE = YES_ERROR;
				GCC_WARN_UNDECLARED_SELECTOR = YES;
				GCC_WARN_UNINITIALIZED_AUTOS = YES_AGGRESSIVE;
				GCC_WARN_UNUSED_FUNCTION = YES;
				GCC_WARN_UNUSED_VARIABLE = YES;
				IPHONEOS_DEPLOYMENT_TARGET = 17.2;
				LOCALIZATION_PREFERS_STRING_CATALOGS = YES;
				MTL_ENABLE_DEBUG_INFO = INCLUDE_SOURCE;
				MTL_FAST_MATH = YES;
				ONLY_ACTIVE_ARCH = YES;
				SDKROOT = iphoneos;
				SWIFT_ACTIVE_COMPILATION_CONDITIONS = "DEBUG $(inherited)";
				SWIFT_OPTIMIZATION_LEVEL = "-Onone";
			};
			name = Debug;
		};
		C6983C772B7DD4BD00EAC750 /* Release */ = {
			isa = XCBuildConfiguration;
			buildSettings = {
				ALWAYS_SEARCH_USER_PATHS = NO;
				ASSETCATALOG_COMPILER_GENERATE_SWIFT_ASSET_SYMBOL_EXTENSIONS = YES;
				CLANG_ANALYZER_NONNULL = YES;
				CLANG_ANALYZER_NUMBER_OBJECT_CONVERSION = YES_AGGRESSIVE;
				CLANG_CXX_LANGUAGE_STANDARD = "gnu++20";
				CLANG_ENABLE_MODULES = YES;
				CLANG_ENABLE_OBJC_ARC = YES;
				CLANG_ENABLE_OBJC_WEAK = YES;
				CLANG_WARN_BLOCK_CAPTURE_AUTORELEASING = YES;
				CLANG_WARN_BOOL_CONVERSION = YES;
				CLANG_WARN_COMMA = YES;
				CLANG_WARN_CONSTANT_CONVERSION = YES;
				CLANG_WARN_DEPRECATED_OBJC_IMPLEMENTATIONS = YES;
				CLANG_WARN_DIRECT_OBJC_ISA_USAGE = YES_ERROR;
				CLANG_WARN_DOCUMENTATION_COMMENTS = YES;
				CLANG_WARN_EMPTY_BODY = YES;
				CLANG_WARN_ENUM_CONVERSION = YES;
				CLANG_WARN_INFINITE_RECURSION = YES;
				CLANG_WARN_INT_CONVERSION = YES;
				CLANG_WARN_NON_LITERAL_NULL_CONVERSION = YES;
				CLANG_WARN_OBJC_IMPLICIT_RETAIN_SELF = YES;
				CLANG_WARN_OBJC_LITERAL_CONVERSION = YES;
				CLANG_WARN_OBJC_ROOT_CLASS = YES_ERROR;
				CLANG_WARN_QUOTED_INCLUDE_IN_FRAMEWORK_HEADER = YES;
				CLANG_WARN_RANGE_LOOP_ANALYSIS = YES;
				CLANG_WARN_STRICT_PROTOTYPES = YES;
				CLANG_WARN_SUSPICIOUS_MOVE = YES;
				CLANG_WARN_UNGUARDED_AVAILABILITY = YES_AGGRESSIVE;
				CLANG_WARN_UNREACHABLE_CODE = YES;
				CLANG_WARN__DUPLICATE_METHOD_MATCH = YES;
				COPY_PHASE_STRIP = NO;
				DEBUG_INFORMATION_FORMAT = "dwarf-with-dsym";
				ENABLE_NS_ASSERTIONS = NO;
				ENABLE_STRICT_OBJC_MSGSEND = YES;
				ENABLE_USER_SCRIPT_SANDBOXING = YES;
				GCC_C_LANGUAGE_STANDARD = gnu17;
				GCC_NO_COMMON_BLOCKS = YES;
				GCC_WARN_64_TO_32_BIT_CONVERSION = YES;
				GCC_WARN_ABOUT_RETURN_TYPE = YES_ERROR;
				GCC_WARN_UNDECLARED_SELECTOR = YES;
				GCC_WARN_UNINITIALIZED_AUTOS = YES_AGGRESSIVE;
				GCC_WARN_UNUSED_FUNCTION = YES;
				GCC_WARN_UNUSED_VARIABLE = YES;
				IPHONEOS_DEPLOYMENT_TARGET = 17.2;
				LOCALIZATION_PREFERS_STRING_CATALOGS = YES;
				MTL_ENABLE_DEBUG_INFO = NO;
				MTL_FAST_MATH = YES;
				SDKROOT = iphoneos;
				SWIFT_COMPILATION_MODE = wholemodule;
				VALIDATE_PRODUCT = YES;
			};
			name = Release;
		};
		C6983C792B7DD4BD00EAC750 /* Debug */ = {
			isa = XCBuildConfiguration;
			buildSettings = {
				ASSETCATALOG_COMPILER_APPICON_NAME = AppIcon;
				ASSETCATALOG_COMPILER_GLOBAL_ACCENT_COLOR_NAME = AccentColor;
				CODE_SIGN_STYLE = Automatic;
				CURRENT_PROJECT_VERSION = 1;
				DEVELOPMENT_ASSET_PATHS = "\"ToDoList/Preview Content\"";
				DEVELOPMENT_TEAM = Q25T636R4F;
				ENABLE_PREVIEWS = YES;
				GENERATE_INFOPLIST_FILE = YES;
				INFOPLIST_KEY_CFBundleDisplayName = "To Do List";
				INFOPLIST_KEY_UIApplicationSceneManifest_Generation = YES;
				INFOPLIST_KEY_UIApplicationSupportsIndirectInputEvents = YES;
				INFOPLIST_KEY_UILaunchScreen_Generation = YES;
				INFOPLIST_KEY_UISupportedInterfaceOrientations = UIInterfaceOrientationPortrait;
				LD_RUNPATH_SEARCH_PATHS = (
					"$(inherited)",
					"@executable_path/Frameworks",
				);
				MARKETING_VERSION = 1.0;
				PRODUCT_BUNDLE_IDENTIFIER = ben.ToDoList;
				PRODUCT_NAME = "$(TARGET_NAME)";
				SWIFT_EMIT_LOC_STRINGS = YES;
				SWIFT_VERSION = 5.0;
				TARGETED_DEVICE_FAMILY = "1,2";
			};
			name = Debug;
		};
		C6983C7A2B7DD4BD00EAC750 /* Release */ = {
			isa = XCBuildConfiguration;
			buildSettings = {
				ASSETCATALOG_COMPILER_APPICON_NAME = AppIcon;
				ASSETCATALOG_COMPILER_GLOBAL_ACCENT_COLOR_NAME = AccentColor;
				CODE_SIGN_STYLE = Automatic;
				CURRENT_PROJECT_VERSION = 1;
				DEVELOPMENT_ASSET_PATHS = "\"ToDoList/Preview Content\"";
				DEVELOPMENT_TEAM = Q25T636R4F;
				ENABLE_PREVIEWS = YES;
				GENERATE_INFOPLIST_FILE = YES;
				INFOPLIST_KEY_CFBundleDisplayName = "To Do List";
				INFOPLIST_KEY_UIApplicationSceneManifest_Generation = YES;
				INFOPLIST_KEY_UIApplicationSupportsIndirectInputEvents = YES;
				INFOPLIST_KEY_UILaunchScreen_Generation = YES;
				INFOPLIST_KEY_UISupportedInterfaceOrientations = UIInterfaceOrientationPortrait;
				LD_RUNPATH_SEARCH_PATHS = (
					"$(inherited)",
					"@executable_path/Frameworks",
				);
				MARKETING_VERSION = 1.0;
				PRODUCT_BUNDLE_IDENTIFIER = ben.ToDoList;
				PRODUCT_NAME = "$(TARGET_NAME)";
				SWIFT_EMIT_LOC_STRINGS = YES;
				SWIFT_VERSION = 5.0;
				TARGETED_DEVICE_FAMILY = "1,2";
			};
			name = Release;
		};
/* End XCBuildConfiguration section */

/* Begin XCConfigurationList section */
		C6983C652B7DD4BB00EAC750 /* Build configuration list for PBXProject "ToDoList" */ = {
			isa = XCConfigurationList;
			buildConfigurations = (
				C6983C762B7DD4BD00EAC750 /* Debug */,
				C6983C772B7DD4BD00EAC750 /* Release */,
			);
			defaultConfigurationIsVisible = 0;
			defaultConfigurationName = Release;
		};
		C6983C782B7DD4BD00EAC750 /* Build configuration list for PBXNativeTarget "ToDoList" */ = {
			isa = XCConfigurationList;
			buildConfigurations = (
				C6983C792B7DD4BD00EAC750 /* Debug */,
				C6983C7A2B7DD4BD00EAC750 /* Release */,
			);
			defaultConfigurationIsVisible = 0;
			defaultConfigurationName = Release;
		};
/* End XCConfigurationList section */

/* Begin XCRemoteSwiftPackageReference section */
		C6986D102B7E65150067041B /* XCRemoteSwiftPackageReference "firebase-ios-sdk" */ = {
			isa = XCRemoteSwiftPackageReference;
			repositoryURL = "https://github.com/firebase/firebase-ios-sdk";
			requirement = {
				kind = upToNextMajorVersion;
				minimumVersion = 10.21.0;
			};
		};
/* End XCRemoteSwiftPackageReference section */

/* Begin XCSwiftPackageProductDependency section */
		C6986D112B7E65160067041B /* FirebaseAnalytics */ = {
			isa = XCSwiftPackageProductDependency;
			package = C6986D102B7E65150067041B /* XCRemoteSwiftPackageReference "firebase-ios-sdk" */;
			productName = FirebaseAnalytics;
		};
		C6986D132B7E65160067041B /* FirebaseAnalyticsOnDeviceConversion */ = {
			isa = XCSwiftPackageProductDependency;
			package = C6986D102B7E65150067041B /* XCRemoteSwiftPackageReference "firebase-ios-sdk" */;
			productName = FirebaseAnalyticsOnDeviceConversion;
		};
		C6986D152B7E65160067041B /* FirebaseAnalyticsSwift */ = {
			isa = XCSwiftPackageProductDependency;
			package = C6986D102B7E65150067041B /* XCRemoteSwiftPackageReference "firebase-ios-sdk" */;
			productName = FirebaseAnalyticsSwift;
		};
		C6986D172B7E65160067041B /* FirebaseAnalyticsWithoutAdIdSupport */ = {
			isa = XCSwiftPackageProductDependency;
			package = C6986D102B7E65150067041B /* XCRemoteSwiftPackageReference "firebase-ios-sdk" */;
			productName = FirebaseAnalyticsWithoutAdIdSupport;
		};
		C6986D192B7E65160067041B /* FirebaseAppCheck */ = {
			isa = XCSwiftPackageProductDependency;
			package = C6986D102B7E65150067041B /* XCRemoteSwiftPackageReference "firebase-ios-sdk" */;
			productName = FirebaseAppCheck;
		};
		C6986D1B2B7E65160067041B /* FirebaseAppDistribution-Beta */ = {
			isa = XCSwiftPackageProductDependency;
			package = C6986D102B7E65150067041B /* XCRemoteSwiftPackageReference "firebase-ios-sdk" */;
			productName = "FirebaseAppDistribution-Beta";
		};
		C6986D1D2B7E65160067041B /* FirebaseAuth */ = {
			isa = XCSwiftPackageProductDependency;
			package = C6986D102B7E65150067041B /* XCRemoteSwiftPackageReference "firebase-ios-sdk" */;
			productName = FirebaseAuth;
		};
		C6986D1F2B7E65160067041B /* FirebaseAuthCombine-Community */ = {
			isa = XCSwiftPackageProductDependency;
			package = C6986D102B7E65150067041B /* XCRemoteSwiftPackageReference "firebase-ios-sdk" */;
			productName = "FirebaseAuthCombine-Community";
		};
		C6986D212B7E65160067041B /* FirebaseCrashlytics */ = {
			isa = XCSwiftPackageProductDependency;
			package = C6986D102B7E65150067041B /* XCRemoteSwiftPackageReference "firebase-ios-sdk" */;
			productName = FirebaseCrashlytics;
		};
		C6986D232B7E65160067041B /* FirebaseDatabase */ = {
			isa = XCSwiftPackageProductDependency;
			package = C6986D102B7E65150067041B /* XCRemoteSwiftPackageReference "firebase-ios-sdk" */;
			productName = FirebaseDatabase;
		};
		C6986D252B7E65160067041B /* FirebaseDatabaseSwift */ = {
			isa = XCSwiftPackageProductDependency;
			package = C6986D102B7E65150067041B /* XCRemoteSwiftPackageReference "firebase-ios-sdk" */;
			productName = FirebaseDatabaseSwift;
		};
		C6986D272B7E65160067041B /* FirebaseDynamicLinks */ = {
			isa = XCSwiftPackageProductDependency;
			package = C6986D102B7E65150067041B /* XCRemoteSwiftPackageReference "firebase-ios-sdk" */;
			productName = FirebaseDynamicLinks;
		};
		C6986D292B7E65160067041B /* FirebaseFirestore */ = {
			isa = XCSwiftPackageProductDependency;
			package = C6986D102B7E65150067041B /* XCRemoteSwiftPackageReference "firebase-ios-sdk" */;
			productName = FirebaseFirestore;
		};
		C6986D2B2B7E65160067041B /* FirebaseFirestoreCombine-Community */ = {
			isa = XCSwiftPackageProductDependency;
			package = C6986D102B7E65150067041B /* XCRemoteSwiftPackageReference "firebase-ios-sdk" */;
			productName = "FirebaseFirestoreCombine-Community";
		};
		C6986D2D2B7E65160067041B /* FirebaseFirestoreSwift */ = {
			isa = XCSwiftPackageProductDependency;
			package = C6986D102B7E65150067041B /* XCRemoteSwiftPackageReference "firebase-ios-sdk" */;
			productName = FirebaseFirestoreSwift;
		};
		C6986D2F2B7E65160067041B /* FirebaseFunctions */ = {
			isa = XCSwiftPackageProductDependency;
			package = C6986D102B7E65150067041B /* XCRemoteSwiftPackageReference "firebase-ios-sdk" */;
			productName = FirebaseFunctions;
		};
		C6986D312B7E65160067041B /* FirebaseFunctionsCombine-Community */ = {
			isa = XCSwiftPackageProductDependency;
			package = C6986D102B7E65150067041B /* XCRemoteSwiftPackageReference "firebase-ios-sdk" */;
			productName = "FirebaseFunctionsCombine-Community";
		};
		C6986D332B7E65160067041B /* FirebaseInAppMessaging-Beta */ = {
			isa = XCSwiftPackageProductDependency;
			package = C6986D102B7E65150067041B /* XCRemoteSwiftPackageReference "firebase-ios-sdk" */;
			productName = "FirebaseInAppMessaging-Beta";
		};
		C6986D352B7E65160067041B /* FirebaseInAppMessagingSwift-Beta */ = {
			isa = XCSwiftPackageProductDependency;
			package = C6986D102B7E65150067041B /* XCRemoteSwiftPackageReference "firebase-ios-sdk" */;
			productName = "FirebaseInAppMessagingSwift-Beta";
		};
		C6986D372B7E65160067041B /* FirebaseInstallations */ = {
			isa = XCSwiftPackageProductDependency;
			package = C6986D102B7E65150067041B /* XCRemoteSwiftPackageReference "firebase-ios-sdk" */;
			productName = FirebaseInstallations;
		};
		C6986D392B7E65160067041B /* FirebaseMLModelDownloader */ = {
			isa = XCSwiftPackageProductDependency;
			package = C6986D102B7E65150067041B /* XCRemoteSwiftPackageReference "firebase-ios-sdk" */;
			productName = FirebaseMLModelDownloader;
		};
		C6986D3B2B7E65160067041B /* FirebaseMessaging */ = {
			isa = XCSwiftPackageProductDependency;
			package = C6986D102B7E65150067041B /* XCRemoteSwiftPackageReference "firebase-ios-sdk" */;
			productName = FirebaseMessaging;
		};
		C6986D3D2B7E65160067041B /* FirebasePerformance */ = {
			isa = XCSwiftPackageProductDependency;
			package = C6986D102B7E65150067041B /* XCRemoteSwiftPackageReference "firebase-ios-sdk" */;
			productName = FirebasePerformance;
		};
		C6986D3F2B7E65160067041B /* FirebaseRemoteConfig */ = {
			isa = XCSwiftPackageProductDependency;
			package = C6986D102B7E65150067041B /* XCRemoteSwiftPackageReference "firebase-ios-sdk" */;
			productName = FirebaseRemoteConfig;
		};
		C6986D412B7E65160067041B /* FirebaseRemoteConfigSwift */ = {
			isa = XCSwiftPackageProductDependency;
			package = C6986D102B7E65150067041B /* XCRemoteSwiftPackageReference "firebase-ios-sdk" */;
			productName = FirebaseRemoteConfigSwift;
		};
		C6986D432B7E65160067041B /* FirebaseStorage */ = {
			isa = XCSwiftPackageProductDependency;
			package = C6986D102B7E65150067041B /* XCRemoteSwiftPackageReference "firebase-ios-sdk" */;
			productName = FirebaseStorage;
		};
		C6986D452B7E65160067041B /* FirebaseStorageCombine-Community */ = {
			isa = XCSwiftPackageProductDependency;
			package = C6986D102B7E65150067041B /* XCRemoteSwiftPackageReference "firebase-ios-sdk" */;
			productName = "FirebaseStorageCombine-Community";
		};
		C6986D472B7E65820067041B /* FirebaseAnalytics */ = {
			isa = XCSwiftPackageProductDependency;
			package = C6986D102B7E65150067041B /* XCRemoteSwiftPackageReference "firebase-ios-sdk" */;
			productName = FirebaseAnalytics;
		};
		C6986D492B7E65820067041B /* FirebaseAnalyticsOnDeviceConversion */ = {
			isa = XCSwiftPackageProductDependency;
			package = C6986D102B7E65150067041B /* XCRemoteSwiftPackageReference "firebase-ios-sdk" */;
			productName = FirebaseAnalyticsOnDeviceConversion;
		};
		C6986D4B2B7E65820067041B /* FirebaseAnalyticsSwift */ = {
			isa = XCSwiftPackageProductDependency;
			package = C6986D102B7E65150067041B /* XCRemoteSwiftPackageReference "firebase-ios-sdk" */;
			productName = FirebaseAnalyticsSwift;
		};
		C6986D4D2B7E65820067041B /* FirebaseAnalyticsWithoutAdIdSupport */ = {
			isa = XCSwiftPackageProductDependency;
			package = C6986D102B7E65150067041B /* XCRemoteSwiftPackageReference "firebase-ios-sdk" */;
			productName = FirebaseAnalyticsWithoutAdIdSupport;
		};
		C6986D4F2B7E65820067041B /* FirebaseAppCheck */ = {
			isa = XCSwiftPackageProductDependency;
			package = C6986D102B7E65150067041B /* XCRemoteSwiftPackageReference "firebase-ios-sdk" */;
			productName = FirebaseAppCheck;
		};
		C6986D512B7E65820067041B /* FirebaseAppDistribution-Beta */ = {
			isa = XCSwiftPackageProductDependency;
			package = C6986D102B7E65150067041B /* XCRemoteSwiftPackageReference "firebase-ios-sdk" */;
			productName = "FirebaseAppDistribution-Beta";
		};
		C6986D532B7E65820067041B /* FirebaseAuth */ = {
			isa = XCSwiftPackageProductDependency;
			package = C6986D102B7E65150067041B /* XCRemoteSwiftPackageReference "firebase-ios-sdk" */;
			productName = FirebaseAuth;
		};
		C6986D552B7E65820067041B /* FirebaseAuthCombine-Community */ = {
			isa = XCSwiftPackageProductDependency;
			package = C6986D102B7E65150067041B /* XCRemoteSwiftPackageReference "firebase-ios-sdk" */;
			productName = "FirebaseAuthCombine-Community";
		};
		C6986D572B7E65820067041B /* FirebaseCrashlytics */ = {
			isa = XCSwiftPackageProductDependency;
			package = C6986D102B7E65150067041B /* XCRemoteSwiftPackageReference "firebase-ios-sdk" */;
			productName = FirebaseCrashlytics;
		};
/* End XCSwiftPackageProductDependency section */
	};
	rootObject = C6983C622B7DD4BB00EAC750 /* Project object */;
}
